# THIS IS AN AUTOGENERATED FILE. DO NOT EDIT THIS FILE DIRECTLY.
assets/browserconfig.xml.liquid:
  development: 2018-06-06T10:36:53-04:00   eb44690fe0fd99978367a3c4fbab4795
assets/bundle.css:
  development: 2018-07-05T10:48:42-04:00   ac8d6f57114b97afc74f344121461070
assets/bundle.js:
  development: 2018-07-05T10:47:16-04:00   1327f0a724edb333d4515392318d19a5
assets/favicon-16x16.png:
  development: 2017-07-17T07:49:28-04:00   864982ea9e6b4a512848badd2b729a93
assets/favicon-32x32.png:
  development: 2017-07-17T07:49:29-04:00   d75d65627b365fb945ec170068c90c71
assets/favicon-48x48.png:
  development: 2017-07-17T07:49:28-04:00   6dc22aa6b1a31c65ad22c24e59d532f7
assets/favicon-android-chrome-192x192.png:
  development: 2018-06-06T10:23:09-04:00   2e9a34d22ea26d63c9f4f3b961de4396
assets/favicon-android-chrome-512x512.png:
  development: 2018-06-06T10:23:13-04:00   2eb925cc31535e7f031ecd0544721a40
assets/favicon-apple-touch-icon.png:
  development: 2018-06-06T10:23:17-04:00   928f98e92a7e2774c882cd58f44db4de
assets/favicon-mstile-70x70.png:
  development: 2018-06-06T10:23:27-04:00   d09cae030e78b25498088fcbbaedc2cf
assets/favicon-mstile-144x144.png:
  development: 2018-06-06T10:23:33-04:00   01263a94a6cffb5254b88f56ef50748f
assets/favicon-mstile-150x150.png:
  development: 2018-06-06T10:23:37-04:00   62fc2a50d9d9213ae696e3ac721ab841
assets/favicon-mstile-310x150.png:
  development: 2018-06-06T10:23:41-04:00   df74332001748e665202779fe4c94e66
assets/favicon-mstile-310x310.png:
  development: 2018-06-06T10:23:46-04:00   a9258d65b889300b3361467825468590
assets/favicon-safari-pinned-tab.svg:
  development: 2018-06-06T10:36:20-04:00   06d372ab11da706f6b08e24bd92fc4a2
assets/favicon.ico:
  development: 2017-07-17T07:47:51-04:00   2f489b176d935f6603b5ab18e557c23e
assets/font-GT-Walsheim-Bold-Oblique.eot:
  development: 2018-06-06T10:39:24-04:00   6f8b4a1299fe89400e404187b7c439d8
assets/font-GT-Walsheim-Bold-Oblique.otf:
  development: 2018-06-06T10:39:27-04:00   3ebd98f92e020fcc7e1aace150542d6d
assets/font-GT-Walsheim-Bold-Oblique.ttf:
  development: 2018-06-06T10:39:31-04:00   e17e0057644db58a80e82ebb78663fb5
assets/font-GT-Walsheim-Bold-Oblique.woff:
  development: 2018-06-06T10:39:33-04:00   82421c209e9252b8f4d9d68c56d4de17
assets/font-GT-Walsheim-Bold.eot:
  development: 2018-06-06T10:38:45-04:00   33e1d47d38eb21bfdf4b4c092de1040a
assets/font-GT-Walsheim-Bold.otf:
  development: 2018-06-06T10:38:49-04:00   a62fdd26415c61fb686bcc77d730e248
assets/font-GT-Walsheim-Bold.ttf:
  development: 2018-06-06T10:39:02-04:00   f9f745bda41635476a80ff9eafb7369e
assets/font-GT-Walsheim-Bold.woff:
  development: 2018-06-06T10:39:05-04:00   aaf654bcc937d4f768a1dbc142f253fe
assets/font-GT-Walsheim-Light-Oblique.eot:
  development: 2018-06-06T10:39:36-04:00   6e2e211ab6e075ce249dcac6b72d9169
assets/font-GT-Walsheim-Light-Oblique.otf:
  development: 2018-06-06T10:39:40-04:00   87f962e2cfa747b4e558b6de62c04e02
assets/font-GT-Walsheim-Light-Oblique.ttf:
  development: 2018-06-06T10:39:44-04:00   9c672a393e100ded37ceaf4453d27a21
assets/font-GT-Walsheim-Light-Oblique.woff:
  development: 2018-06-06T10:39:47-04:00   e7725157c8ce7ae3d50ccc454acb98db
assets/font-GT-Walsheim-Light.eot:
  development: 2018-06-06T10:39:08-04:00   ef8910342805731ecb5af3d560d25de2
assets/font-GT-Walsheim-Light.otf:
  development: 2018-06-06T10:39:13-04:00   39300598324def6c904be680789a34dd
assets/font-GT-Walsheim-Light.ttf:
  development: 2018-06-06T10:39:18-04:00   cc8d53ee1ddd55e07ff1d3e5d0728b9d
assets/font-GT-Walsheim-Light.woff:
  development: 2018-06-06T10:39:20-04:00   3a2e60c3f17e6948613b3782944bea75
assets/icon_heart_px.png:
  development: 2017-07-17T08:16:31-04:00   c2e4895c98a7a8ec5dc4b43cda93e3fe
assets/iconset_icon_dots.svg:
  development: 2018-06-20T07:04:05-04:00   4db2cd06357a92e07892c85db0d9b342
assets/manifest.json:
  development: 2018-06-06T10:24:16-04:00   d4122cbf858cb88a88860c1a301572fc
assets/navbar_logo.svg:
  development: 2017-07-17T14:26:45-04:00   951703db9979bb0a1bff28ae77b687ef
assets/no-image.png:
  development: 2017-07-15T09:06:08-04:00   d3de151680cddd1f9bd786404526d2d4
assets/theme.scss.liquid:
  development: 2018-06-11T14:03:28-04:00   ca3fde4dc213977dbe84d92fa6923473
config/settings_data.json:
  development: 2017-10-13T10:32:09-04:00   04ad4591197eb26a771396cafd990478
config/settings_schema.json:
  development: 2017-10-06T05:52:10-04:00   2b476bb8a2723b672cbfd20fd72e9009
layout/checkout.liquid:
  development: 2017-07-15T09:06:04-04:00   6a4a66c47871483d0f6745ef30671ae0
layout/theme.liquid:
  development: 2018-07-05T10:29:19-04:00   279f4178367aa8af0408c4b89712ce5d
locales/de.json:
  development: 2017-07-15T09:07:04-04:00   7f0fb38ad6da6aa78203b2d6b38d3090
locales/en.default.json:
  development: 2017-07-15T09:06:16-04:00   e875ca0599adc0866e46d065291321d2
snippets/jumplink-article-comment.liquid:
  development: 2017-07-15T09:06:37-04:00   5309c382a1300b38ab25a68e599a07ca
snippets/jumplink-article-comments.liquid:
  development: 2017-07-15T09:07:07-04:00   86c043a30154d7da921c7a97dd58c5f4
snippets/jumplink-article-detail.liquid:
  development: 2017-07-15T09:07:05-04:00   4f588c2fa68fa10a0d1e97c27da3fd47
snippets/jumplink-article-grid-item.liquid:
  development: 2017-07-15T09:07:08-04:00   f347dfb6debcce8957389923cc9cefd2
snippets/jumplink-article-list-item.liquid:
  development: 2017-07-15T09:06:38-04:00   b9f09a18adb8e1af9e381810734cd0d9
snippets/jumplink-collection-grid-item.liquid:
  development: 2017-07-15T09:07:09-04:00   0826f74737eeeae73238054430aae93c
snippets/jumplink-contact-form.liquid:
  development: 2017-07-15T09:06:09-04:00   9e2a659e6bfe916c88107c4061e21e77
snippets/jumplink-customers-messages.liquid:
  development: 2017-07-15T09:06:04-04:00   f10c9ad159708f87a19a3b44dad29dbc
snippets/jumplink-favicons.liquid:
  development: 2018-06-06T10:36:38-04:00   63504f9f15bd39a58707ad4a4b94eaa4
snippets/jumplink-filter-collections.liquid:
  development: 2017-07-15T09:06:10-04:00   d1a4862204767e8a1b200eaa25592acf
snippets/jumplink-filter-subcollections.liquid:
  development: 2017-07-15T09:02:19-04:00   8853c8d57fd9eacd46c7c7511a898d7b
snippets/jumplink-filter.liquid:
  development: 2017-07-15T09:02:21-04:00   4894dc1de79ff5642d59dc6281aa19c5
snippets/jumplink-footer.liquid:
  development: 2018-06-20T09:06:00-04:00   4d69d5bd19e6801404db483f721d634e
snippets/jumplink-login.liquid:
  development: 2017-07-15T09:06:10-04:00   bc5ec3086f50710d32adfa62ea2bfa90
snippets/jumplink-navigation.liquid:
  development: 2018-06-20T08:38:25-04:00   69c06b6cb238dcba341821d3821fd020
snippets/jumplink-newsletter-form.liquid:
  development: 2017-07-15T09:06:46-04:00   4e8115f00e23b8fe9f9fb8d41dc7e4a1
snippets/jumplink-open-graph-tags.liquid:
  development: 2017-07-15T09:06:18-04:00   7abc94cf8c4217a30a5dcd98650eba4d
snippets/jumplink-pagination.liquid:
  development: 2017-07-15T09:06:21-04:00   89201045d626744e8b75cfadf4110a5e
snippets/jumplink-product-grid-item.liquid:
  development: 2017-07-15T09:06:28-04:00   3418ca385195c0d942b918763e2bbf70
snippets/jumplink-utils-barba-container-attributes.liquid:
  development: 2018-06-06T11:38:43-04:00   adaccc3bc0d613bb91b7760536f0ba88
snippets/jumplink-utils-get-price.liquid:
  development: 2018-06-06T11:38:01-04:00   8b8aedca41e71f95cde051005c2f1756
snippets/jumplink-utils-get-title.liquid:
  development: 2018-06-06T11:37:57-04:00   45bfc6f5d123dedbd04b5ac836568ac4
snippets/jumplink-utils-js-variables.liquid:
  development: 2018-06-20T07:45:02-04:00   e0784e6cfedf5d31fcc4ed2990751370
snippets/jumplink-utils-json-customer.liquid:
  development: 2018-06-06T11:39:56-04:00   606bcc59746c46ae1ad521a24d0659c7
snippets/jumplink-utils-json-link.liquid:
  development: 2018-06-06T11:39:48-04:00   60d920884b33d47d81ba6c5bfd6be57c
snippets/jumplink-utils-json-linklist.liquid:
  development: 2018-06-06T11:40:43-04:00   1f3c807b565d8e1f51d29088d2aca1da
snippets/jumplink-utils-json-linklists.liquid:
  development: 2018-06-06T11:40:41-04:00   96d9c81c6945df9953af69b6a6f37446
snippets/jumplink-utils-json-links.liquid:
  development: 2018-06-06T11:40:46-04:00   41f1e978d604ad68eb5405efe4c73b10
snippets/jumplink-utils-string-indexof.liquid:
  development: 2018-06-06T11:37:50-04:00   a54ed9c951203afc4cd2d460a12587d1
snippets/jumplink-utils-string-slice-from-to.liquid:
  development: 2018-06-06T11:37:54-04:00   3debe1146ae014689327d0441162cbbd
templates/404.liquid:
  development: 2017-07-15T09:06:27-04:00   619035615bed9698829c28826cd9300e
templates/article.liquid:
  development: 2017-07-15T09:06:45-04:00   2cf34216c34abf4529a708ea366659d3
templates/blog.dates.liquid:
  development: 2017-07-15T09:06:19-04:00   71a66432e5656a9e8f379d510c36b865
templates/blog.liquid:
  development: 2017-07-15T09:06:39-04:00   d62ef17e246e161db417528b0fbd4cf3
templates/cart.liquid:
  development: 2017-07-15T09:06:43-04:00   c7d67c14dc671f6dc2a4c6d2da5fb209
templates/collection.liquid:
  development: 2017-07-15T09:06:46-04:00   9bceaceddbe40f92bc9a4ff2def2873a
templates/customers/account.liquid:
  development: 2017-07-15T09:06:16-04:00   444664410229410ed83d0e6d0cf93923
templates/customers/activate_account.liquid:
  development: 2017-07-15T09:06:57-04:00   48c024acfff2bb730c572200fed0815f
templates/customers/addresses.liquid:
  development: 2017-07-15T09:07:02-04:00   0233b5c821652005c307c0a48b4a9ede
templates/customers/login.liquid:
  development: 2017-07-15T09:06:56-04:00   6178f627ad1f903de0b60dbbe552c3c7
templates/customers/order.liquid:
  development: 2017-07-15T09:06:59-04:00   d117bd6c9d6a6ad365d87d9aceeea15d
templates/customers/register.liquid:
  development: 2017-07-15T09:06:53-04:00   bd2c896fddd35f538f4c2d5659ed3a45
templates/customers/reset_password.liquid:
  development: 2017-07-15T09:06:40-04:00   c4f4e7d10b53b4456dc8c50077c8b0f1
templates/gift_card.liquid:
  development: 2017-07-15T09:06:43-04:00   b01bce4d6b8a5b4620b34ef67c99071c
templates/index.liquid:
  development: 2018-07-04T15:46:11-04:00   30fc39297fe4c9bc95bb9fae28197eee
templates/list-collections.liquid:
  development: 2017-07-15T09:06:52-04:00   6b16dc4e1e67aae64ebf88b12a32d0fa
templates/page.contact.liquid:
  development: 2017-07-15T09:06:50-04:00   a700f22cf5eaccff90ddcbcb6e817a4d
templates/page.digital-design.liquid:
  development: 2017-10-05T13:09:28-04:00   60c28be8ec12c60744189855cc9172f3
templates/page.ecommerce.liquid:
  development: 2017-10-05T12:30:37-04:00   8aef506245bb09f43bdb007f6c538344
templates/page.imprint.liquid:
  development: 2017-07-15T09:06:52-04:00   c1004a1febddc2a8c59c43e68ba6f8cc
templates/page.liquid:
  development: 2017-10-06T11:09:59-04:00   f1dac4052647bf9a1b63ee5278c745bd
templates/page.privacy.liquid:
  development: 2017-07-15T09:06:50-04:00
templates/page.projects.liquid:
  development: 2017-10-05T08:17:40-04:00   792ab6e79376d0b9eddf59424949d0e6
templates/page.tetris.liquid:
  development: 2017-07-20T07:34:26-04:00   b0e9eed5eb87affde0167b7540a8474c
templates/product.liquid:
  development: 2017-07-15T09:06:36-04:00   1ed4f8f2d76ae2b65e1ae8f8e18c1375
templates/search.liquid:
  development: 2017-07-15T09:06:35-04:00   ae409ef4633dc23f7c0426a9dfb53c2a
